// !$*UTF8*$!
{
	archiveVersion = 1;
	classes = {
	};
	objectVersion = 46;
	objects = {

/* Begin PBXBuildFile section */
		19431F00191DE2FE006C58DB /* FbLoginView.m in Sources */ = {isa = PBXBuildFile; fileRef = 19431EFF191DE2FE006C58DB /* FbLoginView.m */; };
		199A01DC1918D1DF0081F51D /* Foundation.framework in Frameworks */ = {isa = PBXBuildFile; fileRef = 199A01DB1918D1DF0081F51D /* Foundation.framework */; };
		199A01DE1918D1DF0081F51D /* CoreGraphics.framework in Frameworks */ = {isa = PBXBuildFile; fileRef = 199A01DD1918D1DF0081F51D /* CoreGraphics.framework */; };
		199A01E01918D1DF0081F51D /* UIKit.framework in Frameworks */ = {isa = PBXBuildFile; fileRef = 199A01DF1918D1DF0081F51D /* UIKit.framework */; };
		199A01E61918D1DF0081F51D /* InfoPlist.strings in Resources */ = {isa = PBXBuildFile; fileRef = 199A01E41918D1DF0081F51D /* InfoPlist.strings */; };
		199A01E81918D1DF0081F51D /* main.m in Sources */ = {isa = PBXBuildFile; fileRef = 199A01E71918D1DF0081F51D /* main.m */; };
		199A01EC1918D1DF0081F51D /* AppDelegate.m in Sources */ = {isa = PBXBuildFile; fileRef = 199A01EB1918D1DF0081F51D /* AppDelegate.m */; };
		199A01EE1918D1DF0081F51D /* Images.xcassets in Resources */ = {isa = PBXBuildFile; fileRef = 199A01ED1918D1DF0081F51D /* Images.xcassets */; };
		199A01F51918D1DF0081F51D /* XCTest.framework in Frameworks */ = {isa = PBXBuildFile; fileRef = 199A01F41918D1DF0081F51D /* XCTest.framework */; };
		199A01F61918D1DF0081F51D /* Foundation.framework in Frameworks */ = {isa = PBXBuildFile; fileRef = 199A01DB1918D1DF0081F51D /* Foundation.framework */; };
		199A01F71918D1DF0081F51D /* UIKit.framework in Frameworks */ = {isa = PBXBuildFile; fileRef = 199A01DF1918D1DF0081F51D /* UIKit.framework */; };
		199A01FF1918D1DF0081F51D /* InfoPlist.strings in Resources */ = {isa = PBXBuildFile; fileRef = 199A01FD1918D1DF0081F51D /* InfoPlist.strings */; };
		199A02011918D1DF0081F51D /* FBCircleTests.m in Sources */ = {isa = PBXBuildFile; fileRef = 199A02001918D1DF0081F51D /* FBCircleTests.m */; };
		199A02101918DA130081F51D /* LoginViewController.m in Sources */ = {isa = PBXBuildFile; fileRef = 199A020F1918DA130081F51D /* LoginViewController.m */; };
		199A02131918DA5F0081F51D /* FriendListViewController.m in Sources */ = {isa = PBXBuildFile; fileRef = 199A02121918DA5F0081F51D /* FriendListViewController.m */; };
		199A02161918DA8E0081F51D /* NewFriendViewController.m in Sources */ = {isa = PBXBuildFile; fileRef = 199A02151918DA8E0081F51D /* NewFriendViewController.m */; };
		199A0228191A11F90081F51D /* SzkAPI.m in Sources */ = {isa = PBXBuildFile; fileRef = 199A0227191A11F90081F51D /* SzkAPI.m */; };
		199A022A191A13150081F51D /* AddressBook.framework in Frameworks */ = {isa = PBXBuildFile; fileRef = 199A0229191A13150081F51D /* AddressBook.framework */; };
		199A022C191A131C0081F51D /* AddressBookUI.framework in Frameworks */ = {isa = PBXBuildFile; fileRef = 199A022B191A131C0081F51D /* AddressBookUI.framework */; };
		199A026D191B7EC60081F51D /* SzkLoadData.m in Sources */ = {isa = PBXBuildFile; fileRef = 199A026C191B7EC60081F51D /* SzkLoadData.m */; };
		19A0B1C4191E42B400E08E1C /* FbRegistCell.m in Sources */ = {isa = PBXBuildFile; fileRef = 19A0B1C3191E42B400E08E1C /* FbRegistCell.m */; };
		19A0B1C7191E626C00E08E1C /* RegistViewController.m in Sources */ = {isa = PBXBuildFile; fileRef = 19A0B1C6191E626C00E08E1C /* RegistViewController.m */; };
		19A0B1CA191E62E800E08E1C /* FBQuanViewController.m in Sources */ = {isa = PBXBuildFile; fileRef = 19A0B1C9191E62E800E08E1C /* FBQuanViewController.m */; };
		19A0B1CD19207D4100E08E1C /* FriendAttribute.m in Sources */ = {isa = PBXBuildFile; fileRef = 19A0B1CC19207D4100E08E1C /* FriendAttribute.m */; };
		5658FB06191CD0050016D038 /* MainViewController.m in Sources */ = {isa = PBXBuildFile; fileRef = 5658FB01191CD0050016D038 /* MainViewController.m */; };
		5658FB07191CD0050016D038 /* MainViewController.m in Sources */ = {isa = PBXBuildFile; fileRef = 5658FB01191CD0050016D038 /* MainViewController.m */; };
		5658FB08191CD0050016D038 /* RightViewController.m in Sources */ = {isa = PBXBuildFile; fileRef = 5658FB02191CD0050016D038 /* RightViewController.m */; };
		5658FB09191CD0050016D038 /* RightViewController.m in Sources */ = {isa = PBXBuildFile; fileRef = 5658FB02191CD0050016D038 /* RightViewController.m */; };
		5658FB0A191CD0050016D038 /* LeftViewController.m in Sources */ = {isa = PBXBuildFile; fileRef = 5658FB04191CD0050016D038 /* LeftViewController.m */; };
		5658FB0B191CD0050016D038 /* LeftViewController.m in Sources */ = {isa = PBXBuildFile; fileRef = 5658FB04191CD0050016D038 /* LeftViewController.m */; };
		5658FB5A191CD5770016D038 /* AssetsLibrary.framework in Frameworks */ = {isa = PBXBuildFile; fileRef = 5658FB59191CD5770016D038 /* AssetsLibrary.framework */; };
		566D561119206F3A003B6AD8 /* FBCircleNavagationImage@2x.png in Resources */ = {isa = PBXBuildFile; fileRef = 566D561019206F3A003B6AD8 /* FBCircleNavagationImage@2x.png */; };
		566D561219206F3A003B6AD8 /* FBCircleNavagationImage@2x.png in Resources */ = {isa = PBXBuildFile; fileRef = 566D561019206F3A003B6AD8 /* FBCircleNavagationImage@2x.png */; };
		566D564419209984003B6AD8 /* ChooseAreaViewController.m in Sources */ = {isa = PBXBuildFile; fileRef = 566D561F19209984003B6AD8 /* ChooseAreaViewController.m */; };
		566D564519209984003B6AD8 /* ChooseAreaViewController.m in Sources */ = {isa = PBXBuildFile; fileRef = 566D561F19209984003B6AD8 /* ChooseAreaViewController.m */; };
		566D564619209984003B6AD8 /* ChooseCitiesViewController.m in Sources */ = {isa = PBXBuildFile; fileRef = 566D562119209984003B6AD8 /* ChooseCitiesViewController.m */; };
		566D564719209984003B6AD8 /* ChooseCitiesViewController.m in Sources */ = {isa = PBXBuildFile; fileRef = 566D562119209984003B6AD8 /* ChooseCitiesViewController.m */; };
		566D564819209984003B6AD8 /* ChooseCountryViewController.m in Sources */ = {isa = PBXBuildFile; fileRef = 566D562319209984003B6AD8 /* ChooseCountryViewController.m */; };
		566D564919209984003B6AD8 /* ChooseCountryViewController.m in Sources */ = {isa = PBXBuildFile; fileRef = 566D562319209984003B6AD8 /* ChooseCountryViewController.m */; };
		566D564A19209984003B6AD8 /* QBAssetCollectionViewController.m in Sources */ = {isa = PBXBuildFile; fileRef = 566D562619209984003B6AD8 /* QBAssetCollectionViewController.m */; settings = {COMPILER_FLAGS = "-fno-objc-arc"; }; };
		566D564B19209984003B6AD8 /* QBAssetCollectionViewController.m in Sources */ = {isa = PBXBuildFile; fileRef = 566D562619209984003B6AD8 /* QBAssetCollectionViewController.m */; };
		566D564C19209984003B6AD8 /* QBImagePickerAssetCell.m in Sources */ = {isa = PBXBuildFile; fileRef = 566D562919209984003B6AD8 /* QBImagePickerAssetCell.m */; settings = {COMPILER_FLAGS = "-fno-objc-arc"; }; };
		566D564D19209984003B6AD8 /* QBImagePickerAssetCell.m in Sources */ = {isa = PBXBuildFile; fileRef = 566D562919209984003B6AD8 /* QBImagePickerAssetCell.m */; };
		566D564E19209984003B6AD8 /* QBImagePickerAssetView.m in Sources */ = {isa = PBXBuildFile; fileRef = 566D562C19209984003B6AD8 /* QBImagePickerAssetView.m */; settings = {COMPILER_FLAGS = "-fno-objc-arc"; }; };
		566D564F19209984003B6AD8 /* QBImagePickerAssetView.m in Sources */ = {isa = PBXBuildFile; fileRef = 566D562C19209984003B6AD8 /* QBImagePickerAssetView.m */; };
		566D565019209984003B6AD8 /* QBImagePickerController.bundle in Resources */ = {isa = PBXBuildFile; fileRef = 566D562E19209984003B6AD8 /* QBImagePickerController.bundle */; };
		566D565119209984003B6AD8 /* QBImagePickerController.bundle in Resources */ = {isa = PBXBuildFile; fileRef = 566D562E19209984003B6AD8 /* QBImagePickerController.bundle */; };
		566D565219209984003B6AD8 /* QBImagePickerController.m in Sources */ = {isa = PBXBuildFile; fileRef = 566D563019209984003B6AD8 /* QBImagePickerController.m */; settings = {COMPILER_FLAGS = "-fno-objc-arc"; }; };
		566D565319209984003B6AD8 /* QBImagePickerController.m in Sources */ = {isa = PBXBuildFile; fileRef = 566D563019209984003B6AD8 /* QBImagePickerController.m */; };
		566D565419209984003B6AD8 /* QBImagePickerFooterView.m in Sources */ = {isa = PBXBuildFile; fileRef = 566D563219209984003B6AD8 /* QBImagePickerFooterView.m */; settings = {COMPILER_FLAGS = "-fno-objc-arc"; }; };
		566D565519209984003B6AD8 /* QBImagePickerFooterView.m in Sources */ = {isa = PBXBuildFile; fileRef = 566D563219209984003B6AD8 /* QBImagePickerFooterView.m */; };
		566D565619209984003B6AD8 /* QBImagePickerGroupCell.m in Sources */ = {isa = PBXBuildFile; fileRef = 566D563419209984003B6AD8 /* QBImagePickerGroupCell.m */; settings = {COMPILER_FLAGS = "-fno-objc-arc"; }; };
		566D565719209984003B6AD8 /* QBImagePickerGroupCell.m in Sources */ = {isa = PBXBuildFile; fileRef = 566D563419209984003B6AD8 /* QBImagePickerGroupCell.m */; };
		566D565819209984003B6AD8 /* QBImagePickerVideoInfoView.m in Sources */ = {isa = PBXBuildFile; fileRef = 566D563619209984003B6AD8 /* QBImagePickerVideoInfoView.m */; settings = {COMPILER_FLAGS = "-fno-objc-arc"; }; };
		566D565919209984003B6AD8 /* QBImagePickerVideoInfoView.m in Sources */ = {isa = PBXBuildFile; fileRef = 566D563619209984003B6AD8 /* QBImagePickerVideoInfoView.m */; };
		566D565A19209984003B6AD8 /* 640_146@2x.png in Resources */ = {isa = PBXBuildFile; fileRef = 566D563819209984003B6AD8 /* 640_146@2x.png */; };
		566D565B19209984003B6AD8 /* 640_146@2x.png in Resources */ = {isa = PBXBuildFile; fileRef = 566D563819209984003B6AD8 /* 640_146@2x.png */; };
		566D565C19209984003B6AD8 /* logIn_close@2x.png in Resources */ = {isa = PBXBuildFile; fileRef = 566D563919209984003B6AD8 /* logIn_close@2x.png */; };
		566D565D19209984003B6AD8 /* logIn_close@2x.png in Resources */ = {isa = PBXBuildFile; fileRef = 566D563919209984003B6AD8 /* logIn_close@2x.png */; };
		566D565E19209984003B6AD8 /* city.plist in Resources */ = {isa = PBXBuildFile; fileRef = 566D563B19209984003B6AD8 /* city.plist */; };
		566D565F19209984003B6AD8 /* city.plist in Resources */ = {isa = PBXBuildFile; fileRef = 566D563B19209984003B6AD8 /* city.plist */; };
		566D566019209984003B6AD8 /* locationMarkImage@2x.png in Resources */ = {isa = PBXBuildFile; fileRef = 566D563E19209984003B6AD8 /* locationMarkImage@2x.png */; };
		566D566119209984003B6AD8 /* locationMarkImage@2x.png in Resources */ = {isa = PBXBuildFile; fileRef = 566D563E19209984003B6AD8 /* locationMarkImage@2x.png */; };
		566D566219209984003B6AD8 /* WriteBlogViewController.m in Sources */ = {isa = PBXBuildFile; fileRef = 566D564019209984003B6AD8 /* WriteBlogViewController.m */; };
		566D566319209984003B6AD8 /* WriteBlogViewController.m in Sources */ = {isa = PBXBuildFile; fileRef = 566D564019209984003B6AD8 /* WriteBlogViewController.m */; };
		566D566419209984003B6AD8 /* MyViewController.m in Sources */ = {isa = PBXBuildFile; fileRef = 566D564319209984003B6AD8 /* MyViewController.m */; };
		566D566519209984003B6AD8 /* MyViewController.m in Sources */ = {isa = PBXBuildFile; fileRef = 566D564319209984003B6AD8 /* MyViewController.m */; };
		566D56681920AA1B003B6AD8 /* WriteSwitchBackImage@2x.png in Resources */ = {isa = PBXBuildFile; fileRef = 566D56661920AA1B003B6AD8 /* WriteSwitchBackImage@2x.png */; };
		566D56691920AA1B003B6AD8 /* WriteSwitchBackImage@2x.png in Resources */ = {isa = PBXBuildFile; fileRef = 566D56661920AA1B003B6AD8 /* WriteSwitchBackImage@2x.png */; };
		566D566A1920AA1B003B6AD8 /* WriteSwitchOutImage@2x.png in Resources */ = {isa = PBXBuildFile; fileRef = 566D56671920AA1B003B6AD8 /* WriteSwitchOutImage@2x.png */; };
		566D566B1920AA1B003B6AD8 /* WriteSwitchOutImage@2x.png in Resources */ = {isa = PBXBuildFile; fileRef = 566D56671920AA1B003B6AD8 /* WriteSwitchOutImage@2x.png */; };
		566D567A1920BFB6003B6AD8 /* WriteChoosePictures@2x.png in Resources */ = {isa = PBXBuildFile; fileRef = 566D56791920BFB6003B6AD8 /* WriteChoosePictures@2x.png */; };
		566D567B1920BFB6003B6AD8 /* WriteChoosePictures@2x.png in Resources */ = {isa = PBXBuildFile; fileRef = 566D56791920BFB6003B6AD8 /* WriteChoosePictures@2x.png */; };
		566D56901920F34C003B6AD8 /* ChoosePicturePreViewNo@2x.png in Resources */ = {isa = PBXBuildFile; fileRef = 566D568B1920F34C003B6AD8 /* ChoosePicturePreViewNo@2x.png */; };
		566D56911920F34C003B6AD8 /* ChoosePicturePreViewNo@2x.png in Resources */ = {isa = PBXBuildFile; fileRef = 566D568B1920F34C003B6AD8 /* ChoosePicturePreViewNo@2x.png */; };
		566D56921920F34C003B6AD8 /* choosePictureFinishNo@2x.png in Resources */ = {isa = PBXBuildFile; fileRef = 566D568C1920F34C003B6AD8 /* choosePictureFinishNo@2x.png */; };
		566D56931920F34C003B6AD8 /* choosePictureFinishNo@2x.png in Resources */ = {isa = PBXBuildFile; fileRef = 566D568C1920F34C003B6AD8 /* choosePictureFinishNo@2x.png */; };
		566D56941920F34C003B6AD8 /* choosePicturePreviewOk@2x.png in Resources */ = {isa = PBXBuildFile; fileRef = 566D568D1920F34C003B6AD8 /* choosePicturePreviewOk@2x.png */; };
		566D56951920F34C003B6AD8 /* choosePicturePreviewOk@2x.png in Resources */ = {isa = PBXBuildFile; fileRef = 566D568D1920F34C003B6AD8 /* choosePicturePreviewOk@2x.png */; };
		566D56981920F34C003B6AD8 /* choosePictureFinishOk@2x.png in Resources */ = {isa = PBXBuildFile; fileRef = 566D568F1920F34C003B6AD8 /* choosePictureFinishOk@2x.png */; };
		566D56991920F34C003B6AD8 /* choosePictureFinishOk@2x.png in Resources */ = {isa = PBXBuildFile; fileRef = 566D568F1920F34C003B6AD8 /* choosePictureFinishOk@2x.png */; };
		566D569E192106AB003B6AD8 /* choosePhotoMarkNo@2x.png in Resources */ = {isa = PBXBuildFile; fileRef = 566D569B192106AB003B6AD8 /* choosePhotoMarkNo@2x.png */; };
		566D569F192106AB003B6AD8 /* choosePhotoMarkNo@2x.png in Resources */ = {isa = PBXBuildFile; fileRef = 566D569B192106AB003B6AD8 /* choosePhotoMarkNo@2x.png */; };
		566D56A1192110CE003B6AD8 /* ChoosePictureBackGroundImage@2x.png in Resources */ = {isa = PBXBuildFile; fileRef = 566D56A0192110CE003B6AD8 /* ChoosePictureBackGroundImage@2x.png */; };
		566D56A2192110CE003B6AD8 /* ChoosePictureBackGroundImage@2x.png in Resources */ = {isa = PBXBuildFile; fileRef = 566D56A0192110CE003B6AD8 /* ChoosePictureBackGroundImage@2x.png */; };
		5682FF9519231B9B0077554D /* FBQuanBackImage@2x.png in Resources */ = {isa = PBXBuildFile; fileRef = 5682FF9419231B9B0077554D /* FBQuanBackImage@2x.png */; };
		5682FF9619231B9B0077554D /* FBQuanBackImage@2x.png in Resources */ = {isa = PBXBuildFile; fileRef = 5682FF9419231B9B0077554D /* FBQuanBackImage@2x.png */; };
		5682FF9C192321590077554D /* barbuttonicon_back@2x.png in Resources */ = {isa = PBXBuildFile; fileRef = 5682FF9A192321590077554D /* barbuttonicon_back@2x.png */; };
		5682FF9D192321590077554D /* barbuttonicon_back@2x.png in Resources */ = {isa = PBXBuildFile; fileRef = 5682FF9A192321590077554D /* barbuttonicon_back@2x.png */; };
		5682FF9E192321590077554D /* barbuttonicon_back.png in Resources */ = {isa = PBXBuildFile; fileRef = 5682FF9B192321590077554D /* barbuttonicon_back.png */; };
		5682FF9F192321590077554D /* barbuttonicon_back.png in Resources */ = {isa = PBXBuildFile; fileRef = 5682FF9B192321590077554D /* barbuttonicon_back.png */; };
		5682FFA2192333AC0077554D /* PreviewChooseMarkNo@2x.png in Resources */ = {isa = PBXBuildFile; fileRef = 5682FFA0192333AC0077554D /* PreviewChooseMarkNo@2x.png */; };
		5682FFA3192333AC0077554D /* PreviewChooseMarkNo@2x.png in Resources */ = {isa = PBXBuildFile; fileRef = 5682FFA0192333AC0077554D /* PreviewChooseMarkNo@2x.png */; };
		5682FFA4192333AC0077554D /* PreviewChooseMarkOk@2x.png in Resources */ = {isa = PBXBuildFile; fileRef = 5682FFA1192333AC0077554D /* PreviewChooseMarkOk@2x.png */; };
		5682FFA5192333AC0077554D /* PreviewChooseMarkOk@2x.png in Resources */ = {isa = PBXBuildFile; fileRef = 5682FFA1192333AC0077554D /* PreviewChooseMarkOk@2x.png */; };
		5682FFAB19233B830077554D /* pinyin.c in Sources */ = {isa = PBXBuildFile; fileRef = 5682FFA919233B830077554D /* pinyin.c */; };
		5682FFAC19233B830077554D /* pinyin.c in Sources */ = {isa = PBXBuildFile; fileRef = 5682FFA919233B830077554D /* pinyin.c */; };
		56A251E91921BBC6005B85E8 /* choosePhotoMarkOk@2x.png in Resources */ = {isa = PBXBuildFile; fileRef = 56A251E81921BBC6005B85E8 /* choosePhotoMarkOk@2x.png */; };
		56A251EA1921BBC6005B85E8 /* choosePhotoMarkOk@2x.png in Resources */ = {isa = PBXBuildFile; fileRef = 56A251E81921BBC6005B85E8 /* choosePhotoMarkOk@2x.png */; };
		56A251ED1921D1C3005B85E8 /* QBShowImageDetailViewController.m in Sources */ = {isa = PBXBuildFile; fileRef = 56A251EC1921D1C3005B85E8 /* QBShowImageDetailViewController.m */; };
		56A251EE1921D1C3005B85E8 /* QBShowImageDetailViewController.m in Sources */ = {isa = PBXBuildFile; fileRef = 56A251EC1921D1C3005B85E8 /* QBShowImageDetailViewController.m */; };
		56A251F11921EF35005B85E8 /* QBShowImagesScrollView.m in Sources */ = {isa = PBXBuildFile; fileRef = 56A251F01921EF35005B85E8 /* QBShowImagesScrollView.m */; };
		56A251F21921EF35005B85E8 /* QBShowImagesScrollView.m in Sources */ = {isa = PBXBuildFile; fileRef = 56A251F01921EF35005B85E8 /* QBShowImagesScrollView.m */; };
		56A252091922106E005B85E8 /* AsyncImageView.m in Sources */ = {isa = PBXBuildFile; fileRef = 56A252081922106E005B85E8 /* AsyncImageView.m */; settings = {COMPILER_FLAGS = "-fno-objc-arc"; }; };
		56A2520A1922106E005B85E8 /* AsyncImageView.m in Sources */ = {isa = PBXBuildFile; fileRef = 56A252081922106E005B85E8 /* AsyncImageView.m */; };
		56A2520D19221080005B85E8 /* FullyLoaded.m in Sources */ = {isa = PBXBuildFile; fileRef = 56A2520C19221080005B85E8 /* FullyLoaded.m */; settings = {COMPILER_FLAGS = "-fno-objc-arc"; }; };
		56A2520E19221080005B85E8 /* FullyLoaded.m in Sources */ = {isa = PBXBuildFile; fileRef = 56A2520C19221080005B85E8 /* FullyLoaded.m */; };
		CFB1EC5CCA004D43AB37F42F /* libPods.a in Frameworks */ = {isa = PBXBuildFile; fileRef = FA336E5564984EDCBE0DB938 /* libPods.a */; };
/* End PBXBuildFile section */

/* Begin PBXContainerItemProxy section */
		199A01F81918D1DF0081F51D /* PBXContainerItemProxy */ = {
			isa = PBXContainerItemProxy;
			containerPortal = 199A01D01918D1DF0081F51D /* Project object */;
			proxyType = 1;
			remoteGlobalIDString = 199A01D71918D1DF0081F51D;
			remoteInfo = FBCircle;
		};
/* End PBXContainerItemProxy section */

/* Begin PBXFileReference section */
		19431EFE191DE2FE006C58DB /* FbLoginView.h */ = {isa = PBXFileReference; fileEncoding = 4; lastKnownFileType = sourcecode.c.h; path = FbLoginView.h; sourceTree = "<group>"; };
		19431EFF191DE2FE006C58DB /* FbLoginView.m */ = {isa = PBXFileReference; fileEncoding = 4; lastKnownFileType = sourcecode.c.objc; path = FbLoginView.m; sourceTree = "<group>"; };
		19431F01191DE7B3006C58DB /* FBQuanAPI.h */ = {isa = PBXFileReference; lastKnownFileType = sourcecode.c.h; path = FBQuanAPI.h; sourceTree = "<group>"; };
		199A01D81918D1DF0081F51D /* FBCircle.app */ = {isa = PBXFileReference; explicitFileType = wrapper.application; includeInIndex = 0; path = FBCircle.app; sourceTree = BUILT_PRODUCTS_DIR; };
		199A01DB1918D1DF0081F51D /* Foundation.framework */ = {isa = PBXFileReference; lastKnownFileType = wrapper.framework; name = Foundation.framework; path = System/Library/Frameworks/Foundation.framework; sourceTree = SDKROOT; };
		199A01DD1918D1DF0081F51D /* CoreGraphics.framework */ = {isa = PBXFileReference; lastKnownFileType = wrapper.framework; name = CoreGraphics.framework; path = System/Library/Frameworks/CoreGraphics.framework; sourceTree = SDKROOT; };
		199A01DF1918D1DF0081F51D /* UIKit.framework */ = {isa = PBXFileReference; lastKnownFileType = wrapper.framework; name = UIKit.framework; path = System/Library/Frameworks/UIKit.framework; sourceTree = SDKROOT; };
		199A01E31918D1DF0081F51D /* FBCircle-Info.plist */ = {isa = PBXFileReference; lastKnownFileType = text.plist.xml; path = "FBCircle-Info.plist"; sourceTree = "<group>"; };
		199A01E51918D1DF0081F51D /* en */ = {isa = PBXFileReference; lastKnownFileType = text.plist.strings; name = en; path = en.lproj/InfoPlist.strings; sourceTree = "<group>"; };
		199A01E71918D1DF0081F51D /* main.m */ = {isa = PBXFileReference; lastKnownFileType = sourcecode.c.objc; path = main.m; sourceTree = "<group>"; };
		199A01E91918D1DF0081F51D /* FBCircle-Prefix.pch */ = {isa = PBXFileReference; lastKnownFileType = sourcecode.c.h; path = "FBCircle-Prefix.pch"; sourceTree = "<group>"; };
		199A01EA1918D1DF0081F51D /* AppDelegate.h */ = {isa = PBXFileReference; lastKnownFileType = sourcecode.c.h; path = AppDelegate.h; sourceTree = "<group>"; };
		199A01EB1918D1DF0081F51D /* AppDelegate.m */ = {isa = PBXFileReference; lastKnownFileType = sourcecode.c.objc; path = AppDelegate.m; sourceTree = "<group>"; };
		199A01ED1918D1DF0081F51D /* Images.xcassets */ = {isa = PBXFileReference; lastKnownFileType = folder.assetcatalog; path = Images.xcassets; sourceTree = "<group>"; };
		199A01F31918D1DF0081F51D /* FBCircleTests.xctest */ = {isa = PBXFileReference; explicitFileType = wrapper.cfbundle; includeInIndex = 0; path = FBCircleTests.xctest; sourceTree = BUILT_PRODUCTS_DIR; };
		199A01F41918D1DF0081F51D /* XCTest.framework */ = {isa = PBXFileReference; lastKnownFileType = wrapper.framework; name = XCTest.framework; path = Library/Frameworks/XCTest.framework; sourceTree = DEVELOPER_DIR; };
		199A01FC1918D1DF0081F51D /* FBCircleTests-Info.plist */ = {isa = PBXFileReference; lastKnownFileType = text.plist.xml; path = "FBCircleTests-Info.plist"; sourceTree = "<group>"; };
		199A01FE1918D1DF0081F51D /* en */ = {isa = PBXFileReference; lastKnownFileType = text.plist.strings; name = en; path = en.lproj/InfoPlist.strings; sourceTree = "<group>"; };
		199A02001918D1DF0081F51D /* FBCircleTests.m */ = {isa = PBXFileReference; lastKnownFileType = sourcecode.c.objc; path = FBCircleTests.m; sourceTree = "<group>"; };
		199A020E1918DA130081F51D /* LoginViewController.h */ = {isa = PBXFileReference; fileEncoding = 4; lastKnownFileType = sourcecode.c.h; path = LoginViewController.h; sourceTree = "<group>"; };
		199A020F1918DA130081F51D /* LoginViewController.m */ = {isa = PBXFileReference; fileEncoding = 4; lastKnownFileType = sourcecode.c.objc; path = LoginViewController.m; sourceTree = "<group>"; };
		199A02111918DA5F0081F51D /* FriendListViewController.h */ = {isa = PBXFileReference; fileEncoding = 4; lastKnownFileType = sourcecode.c.h; path = FriendListViewController.h; sourceTree = "<group>"; };
		199A02121918DA5F0081F51D /* FriendListViewController.m */ = {isa = PBXFileReference; fileEncoding = 4; lastKnownFileType = sourcecode.c.objc; path = FriendListViewController.m; sourceTree = "<group>"; };
		199A02141918DA8E0081F51D /* NewFriendViewController.h */ = {isa = PBXFileReference; fileEncoding = 4; lastKnownFileType = sourcecode.c.h; path = NewFriendViewController.h; sourceTree = "<group>"; };
		199A02151918DA8E0081F51D /* NewFriendViewController.m */ = {isa = PBXFileReference; fileEncoding = 4; lastKnownFileType = sourcecode.c.objc; path = NewFriendViewController.m; sourceTree = "<group>"; };
		199A0226191A11F90081F51D /* SzkAPI.h */ = {isa = PBXFileReference; fileEncoding = 4; lastKnownFileType = sourcecode.c.h; path = SzkAPI.h; sourceTree = "<group>"; };
		199A0227191A11F90081F51D /* SzkAPI.m */ = {isa = PBXFileReference; fileEncoding = 4; lastKnownFileType = sourcecode.c.objc; path = SzkAPI.m; sourceTree = "<group>"; };
		199A0229191A13150081F51D /* AddressBook.framework */ = {isa = PBXFileReference; lastKnownFileType = wrapper.framework; name = AddressBook.framework; path = System/Library/Frameworks/AddressBook.framework; sourceTree = SDKROOT; };
		199A022B191A131C0081F51D /* AddressBookUI.framework */ = {isa = PBXFileReference; lastKnownFileType = wrapper.framework; name = AddressBookUI.framework; path = System/Library/Frameworks/AddressBookUI.framework; sourceTree = SDKROOT; };
		199A026B191B7EC60081F51D /* SzkLoadData.h */ = {isa = PBXFileReference; fileEncoding = 4; lastKnownFileType = sourcecode.c.h; path = SzkLoadData.h; sourceTree = "<group>"; };
		199A026C191B7EC60081F51D /* SzkLoadData.m */ = {isa = PBXFileReference; fileEncoding = 4; lastKnownFileType = sourcecode.c.objc; path = SzkLoadData.m; sourceTree = "<group>"; };
		19A0B1C2191E42B400E08E1C /* FbRegistCell.h */ = {isa = PBXFileReference; fileEncoding = 4; lastKnownFileType = sourcecode.c.h; path = FbRegistCell.h; sourceTree = "<group>"; };
		19A0B1C3191E42B400E08E1C /* FbRegistCell.m */ = {isa = PBXFileReference; fileEncoding = 4; lastKnownFileType = sourcecode.c.objc; path = FbRegistCell.m; sourceTree = "<group>"; };
		19A0B1C5191E626C00E08E1C /* RegistViewController.h */ = {isa = PBXFileReference; fileEncoding = 4; lastKnownFileType = sourcecode.c.h; path = RegistViewController.h; sourceTree = "<group>"; };
		19A0B1C6191E626C00E08E1C /* RegistViewController.m */ = {isa = PBXFileReference; fileEncoding = 4; lastKnownFileType = sourcecode.c.objc; path = RegistViewController.m; sourceTree = "<group>"; };
		19A0B1C8191E62E800E08E1C /* FBQuanViewController.h */ = {isa = PBXFileReference; fileEncoding = 4; lastKnownFileType = sourcecode.c.h; path = FBQuanViewController.h; sourceTree = "<group>"; };
		19A0B1C9191E62E800E08E1C /* FBQuanViewController.m */ = {isa = PBXFileReference; fileEncoding = 4; lastKnownFileType = sourcecode.c.objc; path = FBQuanViewController.m; sourceTree = "<group>"; };
		19A0B1CB19207D4100E08E1C /* FriendAttribute.h */ = {isa = PBXFileReference; fileEncoding = 4; lastKnownFileType = sourcecode.c.h; path = FriendAttribute.h; sourceTree = "<group>"; };
		19A0B1CC19207D4100E08E1C /* FriendAttribute.m */ = {isa = PBXFileReference; fileEncoding = 4; lastKnownFileType = sourcecode.c.objc; path = FriendAttribute.m; sourceTree = "<group>"; };
		5658FB00191CD0050016D038 /* MainViewController.h */ = {isa = PBXFileReference; fileEncoding = 4; lastKnownFileType = sourcecode.c.h; path = MainViewController.h; sourceTree = "<group>"; };
		5658FB01191CD0050016D038 /* MainViewController.m */ = {isa = PBXFileReference; fileEncoding = 4; lastKnownFileType = sourcecode.c.objc; path = MainViewController.m; sourceTree = "<group>"; };
		5658FB02191CD0050016D038 /* RightViewController.m */ = {isa = PBXFileReference; fileEncoding = 4; lastKnownFileType = sourcecode.c.objc; path = RightViewController.m; sourceTree = "<group>"; };
		5658FB03191CD0050016D038 /* RightViewController.h */ = {isa = PBXFileReference; fileEncoding = 4; lastKnownFileType = sourcecode.c.h; path = RightViewController.h; sourceTree = "<group>"; };
		5658FB04191CD0050016D038 /* LeftViewController.m */ = {isa = PBXFileReference; fileEncoding = 4; lastKnownFileType = sourcecode.c.objc; path = LeftViewController.m; sourceTree = "<group>"; };
		5658FB05191CD0050016D038 /* LeftViewController.h */ = {isa = PBXFileReference; fileEncoding = 4; lastKnownFileType = sourcecode.c.h; path = LeftViewController.h; sourceTree = "<group>"; };
		5658FB59191CD5770016D038 /* AssetsLibrary.framework */ = {isa = PBXFileReference; lastKnownFileType = wrapper.framework; name = AssetsLibrary.framework; path = System/Library/Frameworks/AssetsLibrary.framework; sourceTree = SDKROOT; };
		566D561019206F3A003B6AD8 /* FBCircleNavagationImage@2x.png */ = {isa = PBXFileReference; lastKnownFileType = image.png; path = "FBCircleNavagationImage@2x.png"; sourceTree = "<group>"; };
		566D561E19209984003B6AD8 /* ChooseAreaViewController.h */ = {isa = PBXFileReference; fileEncoding = 4; lastKnownFileType = sourcecode.c.h; path = ChooseAreaViewController.h; sourceTree = "<group>"; };
		566D561F19209984003B6AD8 /* ChooseAreaViewController.m */ = {isa = PBXFileReference; fileEncoding = 4; lastKnownFileType = sourcecode.c.objc; path = ChooseAreaViewController.m; sourceTree = "<group>"; };
		566D562019209984003B6AD8 /* ChooseCitiesViewController.h */ = {isa = PBXFileReference; fileEncoding = 4; lastKnownFileType = sourcecode.c.h; path = ChooseCitiesViewController.h; sourceTree = "<group>"; };
		566D562119209984003B6AD8 /* ChooseCitiesViewController.m */ = {isa = PBXFileReference; fileEncoding = 4; lastKnownFileType = sourcecode.c.objc; path = ChooseCitiesViewController.m; sourceTree = "<group>"; };
		566D562219209984003B6AD8 /* ChooseCountryViewController.h */ = {isa = PBXFileReference; fileEncoding = 4; lastKnownFileType = sourcecode.c.h; path = ChooseCountryViewController.h; sourceTree = "<group>"; };
		566D562319209984003B6AD8 /* ChooseCountryViewController.m */ = {isa = PBXFileReference; fileEncoding = 4; lastKnownFileType = sourcecode.c.objc; path = ChooseCountryViewController.m; sourceTree = "<group>"; };
		566D562519209984003B6AD8 /* QBAssetCollectionViewController.h */ = {isa = PBXFileReference; fileEncoding = 4; lastKnownFileType = sourcecode.c.h; path = QBAssetCollectionViewController.h; sourceTree = "<group>"; };
		566D562619209984003B6AD8 /* QBAssetCollectionViewController.m */ = {isa = PBXFileReference; fileEncoding = 4; lastKnownFileType = sourcecode.c.objc; path = QBAssetCollectionViewController.m; sourceTree = "<group>"; };
		566D562719209984003B6AD8 /* QBAssetCollectionViewControllerDelegate.h */ = {isa = PBXFileReference; fileEncoding = 4; lastKnownFileType = sourcecode.c.h; path = QBAssetCollectionViewControllerDelegate.h; sourceTree = "<group>"; };
		566D562819209984003B6AD8 /* QBImagePickerAssetCell.h */ = {isa = PBXFileReference; fileEncoding = 4; lastKnownFileType = sourcecode.c.h; path = QBImagePickerAssetCell.h; sourceTree = "<group>"; };
		566D562919209984003B6AD8 /* QBImagePickerAssetCell.m */ = {isa = PBXFileReference; fileEncoding = 4; lastKnownFileType = sourcecode.c.objc; path = QBImagePickerAssetCell.m; sourceTree = "<group>"; };
		566D562A19209984003B6AD8 /* QBImagePickerAssetCellDelegate.h */ = {isa = PBXFileReference; fileEncoding = 4; lastKnownFileType = sourcecode.c.h; path = QBImagePickerAssetCellDelegate.h; sourceTree = "<group>"; };
		566D562B19209984003B6AD8 /* QBImagePickerAssetView.h */ = {isa = PBXFileReference; fileEncoding = 4; lastKnownFileType = sourcecode.c.h; path = QBImagePickerAssetView.h; sourceTree = "<group>"; };
		566D562C19209984003B6AD8 /* QBImagePickerAssetView.m */ = {isa = PBXFileReference; fileEncoding = 4; lastKnownFileType = sourcecode.c.objc; path = QBImagePickerAssetView.m; sourceTree = "<group>"; };
		566D562D19209984003B6AD8 /* QBImagePickerAssetViewDelegate.h */ = {isa = PBXFileReference; fileEncoding = 4; lastKnownFileType = sourcecode.c.h; path = QBImagePickerAssetViewDelegate.h; sourceTree = "<group>"; };
		566D562E19209984003B6AD8 /* QBImagePickerController.bundle */ = {isa = PBXFileReference; lastKnownFileType = "wrapper.plug-in"; path = QBImagePickerController.bundle; sourceTree = "<group>"; };
		566D562F19209984003B6AD8 /* QBImagePickerController.h */ = {isa = PBXFileReference; fileEncoding = 4; lastKnownFileType = sourcecode.c.h; path = QBImagePickerController.h; sourceTree = "<group>"; };
		566D563019209984003B6AD8 /* QBImagePickerController.m */ = {isa = PBXFileReference; fileEncoding = 4; lastKnownFileType = sourcecode.c.objc; path = QBImagePickerController.m; sourceTree = "<group>"; };
		566D563119209984003B6AD8 /* QBImagePickerFooterView.h */ = {isa = PBXFileReference; fileEncoding = 4; lastKnownFileType = sourcecode.c.h; path = QBImagePickerFooterView.h; sourceTree = "<group>"; };
		566D563219209984003B6AD8 /* QBImagePickerFooterView.m */ = {isa = PBXFileReference; fileEncoding = 4; lastKnownFileType = sourcecode.c.objc; path = QBImagePickerFooterView.m; sourceTree = "<group>"; };
		566D563319209984003B6AD8 /* QBImagePickerGroupCell.h */ = {isa = PBXFileReference; fileEncoding = 4; lastKnownFileType = sourcecode.c.h; path = QBImagePickerGroupCell.h; sourceTree = "<group>"; };
		566D563419209984003B6AD8 /* QBImagePickerGroupCell.m */ = {isa = PBXFileReference; fileEncoding = 4; lastKnownFileType = sourcecode.c.objc; path = QBImagePickerGroupCell.m; sourceTree = "<group>"; };
		566D563519209984003B6AD8 /* QBImagePickerVideoInfoView.h */ = {isa = PBXFileReference; fileEncoding = 4; lastKnownFileType = sourcecode.c.h; path = QBImagePickerVideoInfoView.h; sourceTree = "<group>"; };
		566D563619209984003B6AD8 /* QBImagePickerVideoInfoView.m */ = {isa = PBXFileReference; fileEncoding = 4; lastKnownFileType = sourcecode.c.objc; path = QBImagePickerVideoInfoView.m; sourceTree = "<group>"; };
		566D563819209984003B6AD8 /* 640_146@2x.png */ = {isa = PBXFileReference; lastKnownFileType = image.png; path = "640_146@2x.png"; sourceTree = "<group>"; };
		566D563919209984003B6AD8 /* logIn_close@2x.png */ = {isa = PBXFileReference; lastKnownFileType = image.png; path = "logIn_close@2x.png"; sourceTree = "<group>"; };
		566D563B19209984003B6AD8 /* city.plist */ = {isa = PBXFileReference; lastKnownFileType = file.bplist; path = city.plist; sourceTree = "<group>"; };
		566D563E19209984003B6AD8 /* locationMarkImage@2x.png */ = {isa = PBXFileReference; lastKnownFileType = image.png; path = "locationMarkImage@2x.png"; sourceTree = "<group>"; };
		566D563F19209984003B6AD8 /* WriteBlogViewController.h */ = {isa = PBXFileReference; fileEncoding = 4; lastKnownFileType = sourcecode.c.h; path = WriteBlogViewController.h; sourceTree = "<group>"; };
		566D564019209984003B6AD8 /* WriteBlogViewController.m */ = {isa = PBXFileReference; fileEncoding = 4; lastKnownFileType = sourcecode.c.objc; path = WriteBlogViewController.m; sourceTree = "<group>"; };
		566D564219209984003B6AD8 /* MyViewController.h */ = {isa = PBXFileReference; fileEncoding = 4; lastKnownFileType = sourcecode.c.h; path = MyViewController.h; sourceTree = "<group>"; };
		566D564319209984003B6AD8 /* MyViewController.m */ = {isa = PBXFileReference; fileEncoding = 4; lastKnownFileType = sourcecode.c.objc; path = MyViewController.m; sourceTree = "<group>"; };
		566D56661920AA1B003B6AD8 /* WriteSwitchBackImage@2x.png */ = {isa = PBXFileReference; lastKnownFileType = image.png; path = "WriteSwitchBackImage@2x.png"; sourceTree = "<group>"; };
		566D56671920AA1B003B6AD8 /* WriteSwitchOutImage@2x.png */ = {isa = PBXFileReference; lastKnownFileType = image.png; path = "WriteSwitchOutImage@2x.png"; sourceTree = "<group>"; };
		566D56791920BFB6003B6AD8 /* WriteChoosePictures@2x.png */ = {isa = PBXFileReference; lastKnownFileType = image.png; path = "WriteChoosePictures@2x.png"; sourceTree = "<group>"; };
		566D568B1920F34C003B6AD8 /* ChoosePicturePreViewNo@2x.png */ = {isa = PBXFileReference; lastKnownFileType = image.png; path = "ChoosePicturePreViewNo@2x.png"; sourceTree = "<group>"; };
		566D568C1920F34C003B6AD8 /* choosePictureFinishNo@2x.png */ = {isa = PBXFileReference; lastKnownFileType = image.png; path = "choosePictureFinishNo@2x.png"; sourceTree = "<group>"; };
		566D568D1920F34C003B6AD8 /* choosePicturePreviewOk@2x.png */ = {isa = PBXFileReference; lastKnownFileType = image.png; path = "choosePicturePreviewOk@2x.png"; sourceTree = "<group>"; };
		566D568F1920F34C003B6AD8 /* choosePictureFinishOk@2x.png */ = {isa = PBXFileReference; lastKnownFileType = image.png; path = "choosePictureFinishOk@2x.png"; sourceTree = "<group>"; };
		566D569B192106AB003B6AD8 /* choosePhotoMarkNo@2x.png */ = {isa = PBXFileReference; lastKnownFileType = image.png; path = "choosePhotoMarkNo@2x.png"; sourceTree = "<group>"; };
		566D56A0192110CE003B6AD8 /* ChoosePictureBackGroundImage@2x.png */ = {isa = PBXFileReference; lastKnownFileType = image.png; path = "ChoosePictureBackGroundImage@2x.png"; sourceTree = "<group>"; };
		5682FF9419231B9B0077554D /* FBQuanBackImage@2x.png */ = {isa = PBXFileReference; lastKnownFileType = image.png; path = "FBQuanBackImage@2x.png"; sourceTree = "<group>"; };
		5682FF9A192321590077554D /* barbuttonicon_back@2x.png */ = {isa = PBXFileReference; lastKnownFileType = image.png; path = "barbuttonicon_back@2x.png"; sourceTree = "<group>"; };
		5682FF9B192321590077554D /* barbuttonicon_back.png */ = {isa = PBXFileReference; lastKnownFileType = image.png; path = barbuttonicon_back.png; sourceTree = "<group>"; };
		5682FFA0192333AC0077554D /* PreviewChooseMarkNo@2x.png */ = {isa = PBXFileReference; lastKnownFileType = image.png; path = "PreviewChooseMarkNo@2x.png"; sourceTree = "<group>"; };
		5682FFA1192333AC0077554D /* PreviewChooseMarkOk@2x.png */ = {isa = PBXFileReference; lastKnownFileType = image.png; path = "PreviewChooseMarkOk@2x.png"; sourceTree = "<group>"; };
		5682FFA919233B830077554D /* pinyin.c */ = {isa = PBXFileReference; fileEncoding = 4; lastKnownFileType = sourcecode.c.c; path = pinyin.c; sourceTree = "<group>"; };
		5682FFAA19233B830077554D /* pinyin.h */ = {isa = PBXFileReference; fileEncoding = 4; lastKnownFileType = sourcecode.c.h; path = pinyin.h; sourceTree = "<group>"; };
		56A251E81921BBC6005B85E8 /* choosePhotoMarkOk@2x.png */ = {isa = PBXFileReference; lastKnownFileType = image.png; path = "choosePhotoMarkOk@2x.png"; sourceTree = "<group>"; };
		56A251EB1921D1C3005B85E8 /* QBShowImageDetailViewController.h */ = {isa = PBXFileReference; fileEncoding = 4; lastKnownFileType = sourcecode.c.h; path = QBShowImageDetailViewController.h; sourceTree = "<group>"; };
		56A251EC1921D1C3005B85E8 /* QBShowImageDetailViewController.m */ = {isa = PBXFileReference; fileEncoding = 4; lastKnownFileType = sourcecode.c.objc; path = QBShowImageDetailViewController.m; sourceTree = "<group>"; };
		56A251EF1921EF35005B85E8 /* QBShowImagesScrollView.h */ = {isa = PBXFileReference; fileEncoding = 4; lastKnownFileType = sourcecode.c.h; path = QBShowImagesScrollView.h; sourceTree = "<group>"; };
		56A251F01921EF35005B85E8 /* QBShowImagesScrollView.m */ = {isa = PBXFileReference; fileEncoding = 4; lastKnownFileType = sourcecode.c.objc; path = QBShowImagesScrollView.m; sourceTree = "<group>"; };
		56A252071922106E005B85E8 /* AsyncImageView.h */ = {isa = PBXFileReference; fileEncoding = 4; lastKnownFileType = sourcecode.c.h; path = AsyncImageView.h; sourceTree = "<group>"; };
		56A252081922106E005B85E8 /* AsyncImageView.m */ = {isa = PBXFileReference; fileEncoding = 4; lastKnownFileType = sourcecode.c.objc; path = AsyncImageView.m; sourceTree = "<group>"; };
		56A2520B19221080005B85E8 /* FullyLoaded.h */ = {isa = PBXFileReference; fileEncoding = 4; lastKnownFileType = sourcecode.c.h; path = FullyLoaded.h; sourceTree = "<group>"; };
		56A2520C19221080005B85E8 /* FullyLoaded.m */ = {isa = PBXFileReference; fileEncoding = 4; lastKnownFileType = sourcecode.c.objc; path = FullyLoaded.m; sourceTree = "<group>"; };
		56A2520F192210B3005B85E8 /* SynthesizeSingleton.h */ = {isa = PBXFileReference; fileEncoding = 4; lastKnownFileType = sourcecode.c.h; path = SynthesizeSingleton.h; sourceTree = "<group>"; };
		8B611DE4DD6843ADB67DE824 /* Pods.xcconfig */ = {isa = PBXFileReference; includeInIndex = 1; lastKnownFileType = text.xcconfig; name = Pods.xcconfig; path = Pods/Pods.xcconfig; sourceTree = "<group>"; };
		FA336E5564984EDCBE0DB938 /* libPods.a */ = {isa = PBXFileReference; explicitFileType = archive.ar; includeInIndex = 0; path = libPods.a; sourceTree = BUILT_PRODUCTS_DIR; };
/* End PBXFileReference section */

/* Begin PBXFrameworksBuildPhase section */
		199A01D51918D1DF0081F51D /* Frameworks */ = {
			isa = PBXFrameworksBuildPhase;
			buildActionMask = 2147483647;
			files = (
				199A022C191A131C0081F51D /* AddressBookUI.framework in Frameworks */,
				199A022A191A13150081F51D /* AddressBook.framework in Frameworks */,
				199A01DE1918D1DF0081F51D /* CoreGraphics.framework in Frameworks */,
				199A01E01918D1DF0081F51D /* UIKit.framework in Frameworks */,
				199A01DC1918D1DF0081F51D /* Foundation.framework in Frameworks */,
				CFB1EC5CCA004D43AB37F42F /* libPods.a in Frameworks */,
			);
			runOnlyForDeploymentPostprocessing = 0;
		};
		199A01F01918D1DF0081F51D /* Frameworks */ = {
			isa = PBXFrameworksBuildPhase;
			buildActionMask = 2147483647;
			files = (
				5658FB5A191CD5770016D038 /* AssetsLibrary.framework in Frameworks */,
				199A01F51918D1DF0081F51D /* XCTest.framework in Frameworks */,
				199A01F71918D1DF0081F51D /* UIKit.framework in Frameworks */,
				199A01F61918D1DF0081F51D /* Foundation.framework in Frameworks */,
			);
			runOnlyForDeploymentPostprocessing = 0;
		};
/* End PBXFrameworksBuildPhase section */

/* Begin PBXGroup section */
		199A01CF1918D1DF0081F51D = {
			isa = PBXGroup;
			children = (
				199A01E11918D1DF0081F51D /* FBCircle */,
				199A01FA1918D1DF0081F51D /* FBCircleTests */,
				199A01DA1918D1DF0081F51D /* Frameworks */,
				199A01D91918D1DF0081F51D /* Products */,
				8B611DE4DD6843ADB67DE824 /* Pods.xcconfig */,
			);
			sourceTree = "<group>";
		};
		199A01D91918D1DF0081F51D /* Products */ = {
			isa = PBXGroup;
			children = (
				199A01D81918D1DF0081F51D /* FBCircle.app */,
				199A01F31918D1DF0081F51D /* FBCircleTests.xctest */,
			);
			name = Products;
			sourceTree = "<group>";
		};
		199A01DA1918D1DF0081F51D /* Frameworks */ = {
			isa = PBXGroup;
			children = (
				5658FB59191CD5770016D038 /* AssetsLibrary.framework */,
				199A022B191A131C0081F51D /* AddressBookUI.framework */,
				199A0229191A13150081F51D /* AddressBook.framework */,
				199A01DB1918D1DF0081F51D /* Foundation.framework */,
				199A01DD1918D1DF0081F51D /* CoreGraphics.framework */,
				199A01DF1918D1DF0081F51D /* UIKit.framework */,
				199A01F41918D1DF0081F51D /* XCTest.framework */,
				FA336E5564984EDCBE0DB938 /* libPods.a */,
			);
			name = Frameworks;
			sourceTree = "<group>";
		};
		199A01E11918D1DF0081F51D /* FBCircle */ = {
			isa = PBXGroup;
			children = (
				566D561B19209984003B6AD8 /* ZSNController */,
				566D560F19206F2B003B6AD8 /* publicImages */,
				199A0225191A11C40081F51D /* PersonalApi */,
				199A0224191A11B00081F51D /* Public */,
				199A02231919E8B10081F51D /* Resources */,
				199A02171918E0C30081F51D /* Views */,
				199A02181918E0C30081F51D /* Models */,
				199A020D1918D7760081F51D /* Controllers */,
				199A01EA1918D1DF0081F51D /* AppDelegate.h */,
				199A01EB1918D1DF0081F51D /* AppDelegate.m */,
				199A01ED1918D1DF0081F51D /* Images.xcassets */,
				199A01E21918D1DF0081F51D /* Supporting Files */,
			);
			path = FBCircle;
			sourceTree = "<group>";
		};
		199A01E21918D1DF0081F51D /* Supporting Files */ = {
			isa = PBXGroup;
			children = (
				199A01E31918D1DF0081F51D /* FBCircle-Info.plist */,
				199A01E41918D1DF0081F51D /* InfoPlist.strings */,
				199A01E71918D1DF0081F51D /* main.m */,
				199A01E91918D1DF0081F51D /* FBCircle-Prefix.pch */,
			);
			name = "Supporting Files";
			sourceTree = "<group>";
		};
		199A01FA1918D1DF0081F51D /* FBCircleTests */ = {
			isa = PBXGroup;
			children = (
				199A02001918D1DF0081F51D /* FBCircleTests.m */,
				199A01FB1918D1DF0081F51D /* Supporting Files */,
			);
			path = FBCircleTests;
			sourceTree = "<group>";
		};
		199A01FB1918D1DF0081F51D /* Supporting Files */ = {
			isa = PBXGroup;
			children = (
				199A01FC1918D1DF0081F51D /* FBCircleTests-Info.plist */,
				199A01FD1918D1DF0081F51D /* InfoPlist.strings */,
			);
			name = "Supporting Files";
			sourceTree = "<group>";
		};
		199A020D1918D7760081F51D /* Controllers */ = {
			isa = PBXGroup;
			children = (
				5658FB00191CD0050016D038 /* MainViewController.h */,
				5658FB01191CD0050016D038 /* MainViewController.m */,
				5658FB02191CD0050016D038 /* RightViewController.m */,
				5658FB03191CD0050016D038 /* RightViewController.h */,
				5658FB04191CD0050016D038 /* LeftViewController.m */,
				5658FB05191CD0050016D038 /* LeftViewController.h */,
				199A021F1919D81B0081F51D /* RootV */,
				199A020E1918DA130081F51D /* LoginViewController.h */,
				199A020F1918DA130081F51D /* LoginViewController.m */,
				19A0B1C5191E626C00E08E1C /* RegistViewController.h */,
				19A0B1C6191E626C00E08E1C /* RegistViewController.m */,
				199A02111918DA5F0081F51D /* FriendListViewController.h */,
				199A02121918DA5F0081F51D /* FriendListViewController.m */,
				199A02141918DA8E0081F51D /* NewFriendViewController.h */,
				199A02151918DA8E0081F51D /* NewFriendViewController.m */,
			);
			name = Controllers;
			path = ../Controllers;
			sourceTree = "<group>";
		};
		199A02171918E0C30081F51D /* Views */ = {
			isa = PBXGroup;
			children = (
				19431EFE191DE2FE006C58DB /* FbLoginView.h */,
				19431EFF191DE2FE006C58DB /* FbLoginView.m */,
				19A0B1C2191E42B400E08E1C /* FbRegistCell.h */,
				19A0B1C3191E42B400E08E1C /* FbRegistCell.m */,
			);
			path = Views;
			sourceTree = "<group>";
		};
		199A02181918E0C30081F51D /* Models */ = {
			isa = PBXGroup;
			children = (
				19A0B1CB19207D4100E08E1C /* FriendAttribute.h */,
				19A0B1CC19207D4100E08E1C /* FriendAttribute.m */,
			);
			path = Models;
			sourceTree = "<group>";
		};
		199A021F1919D81B0081F51D /* RootV */ = {
			isa = PBXGroup;
			children = (
			);
			path = RootV;
			sourceTree = "<group>";
		};
		199A02231919E8B10081F51D /* Resources */ = {
			isa = PBXGroup;
			children = (
			);
			path = Resources;
			sourceTree = "<group>";
		};
		199A0224191A11B00081F51D /* Public */ = {
			isa = PBXGroup;
			children = (
				5682FFA919233B830077554D /* pinyin.c */,
				5682FFAA19233B830077554D /* pinyin.h */,
				19431F01191DE7B3006C58DB /* FBQuanAPI.h */,
				19A0B1C8191E62E800E08E1C /* FBQuanViewController.h */,
				19A0B1C9191E62E800E08E1C /* FBQuanViewController.m */,
			);
			path = Public;
			sourceTree = "<group>";
		};
		199A0225191A11C40081F51D /* PersonalApi */ = {
			isa = PBXGroup;
			children = (
				199A0226191A11F90081F51D /* SzkAPI.h */,
				199A0227191A11F90081F51D /* SzkAPI.m */,
				199A026B191B7EC60081F51D /* SzkLoadData.h */,
				199A026C191B7EC60081F51D /* SzkLoadData.m */,
			);
			path = PersonalApi;
			sourceTree = "<group>";
		};
		566D560F19206F2B003B6AD8 /* publicImages */ = {
			isa = PBXGroup;
			children = (
				566D561019206F3A003B6AD8 /* FBCircleNavagationImage@2x.png */,
				5682FF9419231B9B0077554D /* FBQuanBackImage@2x.png */,
			);
			path = publicImages;
			sourceTree = SOURCE_ROOT;
		};
		566D561B19209984003B6AD8 /* ZSNController */ = {
			isa = PBXGroup;
			children = (
				566D561C19209984003B6AD8 /* publicClasses */,
				566D563A19209984003B6AD8 /* Resources */,
				566D563C19209984003B6AD8 /* WriteBlogControllers */,
				566D564119209984003B6AD8 /* ZSNAPI */,
			);
			path = ZSNController;
			sourceTree = SOURCE_ROOT;
		};
		566D561C19209984003B6AD8 /* publicClasses */ = {
			isa = PBXGroup;
			children = (
				56A252061922105B005B85E8 /* AsyncImageView */,
				566D561D19209984003B6AD8 /* ChooseArea */,
				566D562419209984003B6AD8 /* TakePhotos */,
				566D563719209984003B6AD8 /* TakePhotosImages */,
			);
			path = publicClasses;
			sourceTree = "<group>";
		};
		566D561D19209984003B6AD8 /* ChooseArea */ = {
			isa = PBXGroup;
			children = (
				566D561E19209984003B6AD8 /* ChooseAreaViewController.h */,
				566D561F19209984003B6AD8 /* ChooseAreaViewController.m */,
				566D562019209984003B6AD8 /* ChooseCitiesViewController.h */,
				566D562119209984003B6AD8 /* ChooseCitiesViewController.m */,
				566D562219209984003B6AD8 /* ChooseCountryViewController.h */,
				566D562319209984003B6AD8 /* ChooseCountryViewController.m */,
			);
			path = ChooseArea;
			sourceTree = "<group>";
		};
		566D562419209984003B6AD8 /* TakePhotos */ = {
			isa = PBXGroup;
			children = (
				5682FF8F192301F00077554D /* PreviewPhotos */,
				566D562519209984003B6AD8 /* QBAssetCollectionViewController.h */,
				566D562619209984003B6AD8 /* QBAssetCollectionViewController.m */,
				566D562719209984003B6AD8 /* QBAssetCollectionViewControllerDelegate.h */,
				566D562819209984003B6AD8 /* QBImagePickerAssetCell.h */,
				566D562919209984003B6AD8 /* QBImagePickerAssetCell.m */,
				566D562A19209984003B6AD8 /* QBImagePickerAssetCellDelegate.h */,
				566D562B19209984003B6AD8 /* QBImagePickerAssetView.h */,
				566D562C19209984003B6AD8 /* QBImagePickerAssetView.m */,
				566D562D19209984003B6AD8 /* QBImagePickerAssetViewDelegate.h */,
				566D562E19209984003B6AD8 /* QBImagePickerController.bundle */,
				566D562F19209984003B6AD8 /* QBImagePickerController.h */,
				566D563019209984003B6AD8 /* QBImagePickerController.m */,
				566D563119209984003B6AD8 /* QBImagePickerFooterView.h */,
				566D563219209984003B6AD8 /* QBImagePickerFooterView.m */,
				566D563319209984003B6AD8 /* QBImagePickerGroupCell.h */,
				566D563419209984003B6AD8 /* QBImagePickerGroupCell.m */,
				566D563519209984003B6AD8 /* QBImagePickerVideoInfoView.h */,
				566D563619209984003B6AD8 /* QBImagePickerVideoInfoView.m */,
				56A251EB1921D1C3005B85E8 /* QBShowImageDetailViewController.h */,
				56A251EC1921D1C3005B85E8 /* QBShowImageDetailViewController.m */,
				56A251EF1921EF35005B85E8 /* QBShowImagesScrollView.h */,
				56A251F01921EF35005B85E8 /* QBShowImagesScrollView.m */,
			);
			path = TakePhotos;
			sourceTree = "<group>";
		};
		566D563719209984003B6AD8 /* TakePhotosImages */ = {
			isa = PBXGroup;
			children = (
				5682FFA0192333AC0077554D /* PreviewChooseMarkNo@2x.png */,
				5682FFA1192333AC0077554D /* PreviewChooseMarkOk@2x.png */,
				5682FF9A192321590077554D /* barbuttonicon_back@2x.png */,
				5682FF9B192321590077554D /* barbuttonicon_back.png */,
				566D56A0192110CE003B6AD8 /* ChoosePictureBackGroundImage@2x.png */,
				56A251E81921BBC6005B85E8 /* choosePhotoMarkOk@2x.png */,
				566D569B192106AB003B6AD8 /* choosePhotoMarkNo@2x.png */,
				566D568B1920F34C003B6AD8 /* ChoosePicturePreViewNo@2x.png */,
				566D568C1920F34C003B6AD8 /* choosePictureFinishNo@2x.png */,
				566D568D1920F34C003B6AD8 /* choosePicturePreviewOk@2x.png */,
				566D568F1920F34C003B6AD8 /* choosePictureFinishOk@2x.png */,
				566D563819209984003B6AD8 /* 640_146@2x.png */,
				566D563919209984003B6AD8 /* logIn_close@2x.png */,
			);
			path = TakePhotosImages;
			sourceTree = "<group>";
		};
		566D563A19209984003B6AD8 /* Resources */ = {
			isa = PBXGroup;
			children = (
				566D563B19209984003B6AD8 /* city.plist */,
			);
			path = Resources;
			sourceTree = "<group>";
		};
		566D563C19209984003B6AD8 /* WriteBlogControllers */ = {
			isa = PBXGroup;
			children = (
				566D563D19209984003B6AD8 /* WriteBlogImages */,
				566D563F19209984003B6AD8 /* WriteBlogViewController.h */,
				566D564019209984003B6AD8 /* WriteBlogViewController.m */,
			);
			path = WriteBlogControllers;
			sourceTree = "<group>";
		};
		566D563D19209984003B6AD8 /* WriteBlogImages */ = {
			isa = PBXGroup;
			children = (
				566D56791920BFB6003B6AD8 /* WriteChoosePictures@2x.png */,
				566D56661920AA1B003B6AD8 /* WriteSwitchBackImage@2x.png */,
				566D56671920AA1B003B6AD8 /* WriteSwitchOutImage@2x.png */,
				566D563E19209984003B6AD8 /* locationMarkImage@2x.png */,
			);
			path = WriteBlogImages;
			sourceTree = "<group>";
		};
		566D564119209984003B6AD8 /* ZSNAPI */ = {
			isa = PBXGroup;
			children = (
				566D564219209984003B6AD8 /* MyViewController.h */,
				566D564319209984003B6AD8 /* MyViewController.m */,
			);
			path = ZSNAPI;
			sourceTree = "<group>";
		};
		5682FF8F192301F00077554D /* PreviewPhotos */ = {
			isa = PBXGroup;
			children = (
			);
			name = PreviewPhotos;
			path = ZSNController/publicClasses/PreviewPhotos;
			sourceTree = SOURCE_ROOT;
		};
		56A252061922105B005B85E8 /* AsyncImageView */ = {
			isa = PBXGroup;
			children = (
				56A2520F192210B3005B85E8 /* SynthesizeSingleton.h */,
				56A252071922106E005B85E8 /* AsyncImageView.h */,
				56A252081922106E005B85E8 /* AsyncImageView.m */,
				56A2520B19221080005B85E8 /* FullyLoaded.h */,
				56A2520C19221080005B85E8 /* FullyLoaded.m */,
			);
			path = AsyncImageView;
			sourceTree = "<group>";
		};
/* End PBXGroup section */

/* Begin PBXNativeTarget section */
		199A01D71918D1DF0081F51D /* FBCircle */ = {
			isa = PBXNativeTarget;
			buildConfigurationList = 199A02041918D1DF0081F51D /* Build configuration list for PBXNativeTarget "FBCircle" */;
			buildPhases = (
				15F23C4DD5AA436092F3BE04 /* Check Pods Manifest.lock */,
				199A01D41918D1DF0081F51D /* Sources */,
				199A01D51918D1DF0081F51D /* Frameworks */,
				199A01D61918D1DF0081F51D /* Resources */,
				1C54A1D58814476FB60E25F3 /* Copy Pods Resources */,
			);
			buildRules = (
			);
			dependencies = (
			);
			name = FBCircle;
			productName = FBCircle;
			productReference = 199A01D81918D1DF0081F51D /* FBCircle.app */;
			productType = "com.apple.product-type.application";
		};
		199A01F21918D1DF0081F51D /* FBCircleTests */ = {
			isa = PBXNativeTarget;
			buildConfigurationList = 199A02071918D1DF0081F51D /* Build configuration list for PBXNativeTarget "FBCircleTests" */;
			buildPhases = (
				199A01EF1918D1DF0081F51D /* Sources */,
				199A01F01918D1DF0081F51D /* Frameworks */,
				199A01F11918D1DF0081F51D /* Resources */,
			);
			buildRules = (
			);
			dependencies = (
				199A01F91918D1DF0081F51D /* PBXTargetDependency */,
			);
			name = FBCircleTests;
			productName = FBCircleTests;
			productReference = 199A01F31918D1DF0081F51D /* FBCircleTests.xctest */;
			productType = "com.apple.product-type.bundle.unit-test";
		};
/* End PBXNativeTarget section */

/* Begin PBXProject section */
		199A01D01918D1DF0081F51D /* Project object */ = {
			isa = PBXProject;
			attributes = {
				LastUpgradeCheck = 0500;
				ORGANIZATIONNAME = szk;
				TargetAttributes = {
					199A01F21918D1DF0081F51D = {
						TestTargetID = 199A01D71918D1DF0081F51D;
					};
				};
			};
			buildConfigurationList = 199A01D31918D1DF0081F51D /* Build configuration list for PBXProject "FBCircle" */;
			compatibilityVersion = "Xcode 3.2";
			developmentRegion = English;
			hasScannedForEncodings = 0;
			knownRegions = (
				en,
			);
			mainGroup = 199A01CF1918D1DF0081F51D;
			productRefGroup = 199A01D91918D1DF0081F51D /* Products */;
			projectDirPath = "";
			projectRoot = "";
			targets = (
				199A01D71918D1DF0081F51D /* FBCircle */,
				199A01F21918D1DF0081F51D /* FBCircleTests */,
			);
		};
/* End PBXProject section */

/* Begin PBXResourcesBuildPhase section */
		199A01D61918D1DF0081F51D /* Resources */ = {
			isa = PBXResourcesBuildPhase;
			buildActionMask = 2147483647;
			files = (
				566D561119206F3A003B6AD8 /* FBCircleNavagationImage@2x.png in Resources */,
				566D56981920F34C003B6AD8 /* choosePictureFinishOk@2x.png in Resources */,
				566D56A1192110CE003B6AD8 /* ChoosePictureBackGroundImage@2x.png in Resources */,
				566D566A1920AA1B003B6AD8 /* WriteSwitchOutImage@2x.png in Resources */,
				5682FFA2192333AC0077554D /* PreviewChooseMarkNo@2x.png in Resources */,
				199A01E61918D1DF0081F51D /* InfoPlist.strings in Resources */,
				56A251E91921BBC6005B85E8 /* choosePhotoMarkOk@2x.png in Resources */,
				566D565E19209984003B6AD8 /* city.plist in Resources */,
				566D565019209984003B6AD8 /* QBImagePickerController.bundle in Resources */,
				5682FF9E192321590077554D /* barbuttonicon_back.png in Resources */,
				566D567A1920BFB6003B6AD8 /* WriteChoosePictures@2x.png in Resources */,
				566D569E192106AB003B6AD8 /* choosePhotoMarkNo@2x.png in Resources */,
				566D56901920F34C003B6AD8 /* ChoosePicturePreViewNo@2x.png in Resources */,
				566D566019209984003B6AD8 /* locationMarkImage@2x.png in Resources */,
				5682FFA4192333AC0077554D /* PreviewChooseMarkOk@2x.png in Resources */,
				5682FF9C192321590077554D /* barbuttonicon_back@2x.png in Resources */,
				566D56921920F34C003B6AD8 /* choosePictureFinishNo@2x.png in Resources */,
				5682FF9519231B9B0077554D /* FBQuanBackImage@2x.png in Resources */,
				566D565A19209984003B6AD8 /* 640_146@2x.png in Resources */,
				199A01EE1918D1DF0081F51D /* Images.xcassets in Resources */,
				566D56681920AA1B003B6AD8 /* WriteSwitchBackImage@2x.png in Resources */,
				566D565C19209984003B6AD8 /* logIn_close@2x.png in Resources */,
				566D56941920F34C003B6AD8 /* choosePicturePreviewOk@2x.png in Resources */,
			);
			runOnlyForDeploymentPostprocessing = 0;
		};
		199A01F11918D1DF0081F51D /* Resources */ = {
			isa = PBXResourcesBuildPhase;
			buildActionMask = 2147483647;
			files = (
				566D56931920F34C003B6AD8 /* choosePictureFinishNo@2x.png in Resources */,
				566D565D19209984003B6AD8 /* logIn_close@2x.png in Resources */,
				566D56691920AA1B003B6AD8 /* WriteSwitchBackImage@2x.png in Resources */,
				566D566119209984003B6AD8 /* locationMarkImage@2x.png in Resources */,
				5682FF9619231B9B0077554D /* FBQuanBackImage@2x.png in Resources */,
				566D565119209984003B6AD8 /* QBImagePickerController.bundle in Resources */,
				566D567B1920BFB6003B6AD8 /* WriteChoosePictures@2x.png in Resources */,
				56A251EA1921BBC6005B85E8 /* choosePhotoMarkOk@2x.png in Resources */,
				199A01FF1918D1DF0081F51D /* InfoPlist.strings in Resources */,
				5682FF9D192321590077554D /* barbuttonicon_back@2x.png in Resources */,
				566D565F19209984003B6AD8 /* city.plist in Resources */,
				5682FFA5192333AC0077554D /* PreviewChooseMarkOk@2x.png in Resources */,
				566D56911920F34C003B6AD8 /* ChoosePicturePreViewNo@2x.png in Resources */,
				566D561219206F3A003B6AD8 /* FBCircleNavagationImage@2x.png in Resources */,
				566D565B19209984003B6AD8 /* 640_146@2x.png in Resources */,
				566D56951920F34C003B6AD8 /* choosePicturePreviewOk@2x.png in Resources */,
				5682FFA3192333AC0077554D /* PreviewChooseMarkNo@2x.png in Resources */,
				566D56991920F34C003B6AD8 /* choosePictureFinishOk@2x.png in Resources */,
				566D566B1920AA1B003B6AD8 /* WriteSwitchOutImage@2x.png in Resources */,
				566D56A2192110CE003B6AD8 /* ChoosePictureBackGroundImage@2x.png in Resources */,
				566D569F192106AB003B6AD8 /* choosePhotoMarkNo@2x.png in Resources */,
				5682FF9F192321590077554D /* barbuttonicon_back.png in Resources */,
			);
			runOnlyForDeploymentPostprocessing = 0;
		};
/* End PBXResourcesBuildPhase section */

/* Begin PBXShellScriptBuildPhase section */
		15F23C4DD5AA436092F3BE04 /* Check Pods Manifest.lock */ = {
			isa = PBXShellScriptBuildPhase;
			buildActionMask = 2147483647;
			files = (
			);
			inputPaths = (
			);
			name = "Check Pods Manifest.lock";
			outputPaths = (
			);
			runOnlyForDeploymentPostprocessing = 0;
			shellPath = /bin/sh;
			shellScript = "diff \"${PODS_ROOT}/../Podfile.lock\" \"${PODS_ROOT}/Manifest.lock\" > /dev/null\nif [[ $? != 0 ]] ; then\n    cat << EOM\nerror: The sandbox is not in sync with the Podfile.lock. Run 'pod install' or update your CocoaPods installation.\nEOM\n    exit 1\nfi\n";
			showEnvVarsInLog = 0;
		};
		1C54A1D58814476FB60E25F3 /* Copy Pods Resources */ = {
			isa = PBXShellScriptBuildPhase;
			buildActionMask = 2147483647;
			files = (
			);
			inputPaths = (
			);
			name = "Copy Pods Resources";
			outputPaths = (
			);
			runOnlyForDeploymentPostprocessing = 0;
			shellPath = /bin/sh;
			shellScript = "\"${SRCROOT}/Pods/Pods-resources.sh\"\n";
			showEnvVarsInLog = 0;
		};
/* End PBXShellScriptBuildPhase section */

/* Begin PBXSourcesBuildPhase section */
		199A01D41918D1DF0081F51D /* Sources */ = {
			isa = PBXSourcesBuildPhase;
			buildActionMask = 2147483647;
			files = (
				199A0228191A11F90081F51D /* SzkAPI.m in Sources */,
				56A252091922106E005B85E8 /* AsyncImageView.m in Sources */,
				5658FB0A191CD0050016D038 /* LeftViewController.m in Sources */,
				566D564E19209984003B6AD8 /* QBImagePickerAssetView.m in Sources */,
				199A02101918DA130081F51D /* LoginViewController.m in Sources */,
				19A0B1C4191E42B400E08E1C /* FbRegistCell.m in Sources */,
				199A02131918DA5F0081F51D /* FriendListViewController.m in Sources */,
				5658FB06191CD0050016D038 /* MainViewController.m in Sources */,
				566D564619209984003B6AD8 /* ChooseCitiesViewController.m in Sources */,
				566D564C19209984003B6AD8 /* QBImagePickerAssetCell.m in Sources */,
				199A01EC1918D1DF0081F51D /* AppDelegate.m in Sources */,
				19A0B1C7191E626C00E08E1C /* RegistViewController.m in Sources */,
				5658FB08191CD0050016D038 /* RightViewController.m in Sources */,
				56A2520D19221080005B85E8 /* FullyLoaded.m in Sources */,
				566D565619209984003B6AD8 /* QBImagePickerGroupCell.m in Sources */,
				566D565419209984003B6AD8 /* QBImagePickerFooterView.m in Sources */,
				5682FFAB19233B830077554D /* pinyin.c in Sources */,
				566D565219209984003B6AD8 /* QBImagePickerController.m in Sources */,
				566D565819209984003B6AD8 /* QBImagePickerVideoInfoView.m in Sources */,
				199A026D191B7EC60081F51D /* SzkLoadData.m in Sources */,
				199A01E81918D1DF0081F51D /* main.m in Sources */,
				566D566219209984003B6AD8 /* WriteBlogViewController.m in Sources */,
				566D564819209984003B6AD8 /* ChooseCountryViewController.m in Sources */,
				19A0B1CD19207D4100E08E1C /* FriendAttribute.m in Sources */,
				566D566419209984003B6AD8 /* MyViewController.m in Sources */,
				19A0B1CA191E62E800E08E1C /* FBQuanViewController.m in Sources */,
				56A251ED1921D1C3005B85E8 /* QBShowImageDetailViewController.m in Sources */,
				19431F00191DE2FE006C58DB /* FbLoginView.m in Sources */,
				566D564419209984003B6AD8 /* ChooseAreaViewController.m in Sources */,
				199A02161918DA8E0081F51D /* NewFriendViewController.m in Sources */,
				56A251F11921EF35005B85E8 /* QBShowImagesScrollView.m in Sources */,
				566D564A19209984003B6AD8 /* QBAssetCollectionViewController.m in Sources */,
			);
			runOnlyForDeploymentPostprocessing = 0;
		};
		199A01EF1918D1DF0081F51D /* Sources */ = {
			isa = PBXSourcesBuildPhase;
			buildActionMask = 2147483647;
			files = (
				5682FFAC19233B830077554D /* pinyin.c in Sources */,
				566D564719209984003B6AD8 /* ChooseCitiesViewController.m in Sources */,
				566D565319209984003B6AD8 /* QBImagePickerController.m in Sources */,
				566D566519209984003B6AD8 /* MyViewController.m in Sources */,
				566D564919209984003B6AD8 /* ChooseCountryViewController.m in Sources */,
				566D564519209984003B6AD8 /* ChooseAreaViewController.m in Sources */,
				199A02011918D1DF0081F51D /* FBCircleTests.m in Sources */,
				5658FB0B191CD0050016D038 /* LeftViewController.m in Sources */,
				56A251EE1921D1C3005B85E8 /* QBShowImageDetailViewController.m in Sources */,
				566D565519209984003B6AD8 /* QBImagePickerFooterView.m in Sources */,
				56A2520E19221080005B85E8 /* FullyLoaded.m in Sources */,
				56A251F21921EF35005B85E8 /* QBShowImagesScrollView.m in Sources */,
				566D564D19209984003B6AD8 /* QBImagePickerAssetCell.m in Sources */,
				5658FB07191CD0050016D038 /* MainViewController.m in Sources */,
				56A2520A1922106E005B85E8 /* AsyncImageView.m in Sources */,
				566D564B19209984003B6AD8 /* QBAssetCollectionViewController.m in Sources */,
				566D564F19209984003B6AD8 /* QBImagePickerAssetView.m in Sources */,
				5658FB09191CD0050016D038 /* RightViewController.m in Sources */,
				566D565719209984003B6AD8 /* QBImagePickerGroupCell.m in Sources */,
				566D566319209984003B6AD8 /* WriteBlogViewController.m in Sources */,
				566D565919209984003B6AD8 /* QBImagePickerVideoInfoView.m in Sources */,
			);
			runOnlyForDeploymentPostprocessing = 0;
		};
/* End PBXSourcesBuildPhase section */

/* Begin PBXTargetDependency section */
		199A01F91918D1DF0081F51D /* PBXTargetDependency */ = {
			isa = PBXTargetDependency;
			target = 199A01D71918D1DF0081F51D /* FBCircle */;
			targetProxy = 199A01F81918D1DF0081F51D /* PBXContainerItemProxy */;
		};
/* End PBXTargetDependency section */

/* Begin PBXVariantGroup section */
		199A01E41918D1DF0081F51D /* InfoPlist.strings */ = {
			isa = PBXVariantGroup;
			children = (
				199A01E51918D1DF0081F51D /* en */,
			);
			name = InfoPlist.strings;
			sourceTree = "<group>";
		};
		199A01FD1918D1DF0081F51D /* InfoPlist.strings */ = {
			isa = PBXVariantGroup;
			children = (
				199A01FE1918D1DF0081F51D /* en */,
			);
			name = InfoPlist.strings;
			sourceTree = "<group>";
		};
/* End PBXVariantGroup section */

/* Begin XCBuildConfiguration section */
		199A02021918D1DF0081F51D /* Debug */ = {
			isa = XCBuildConfiguration;
			buildSettings = {
				ALWAYS_SEARCH_USER_PATHS = NO;
				ARCHS = "$(ARCHS_STANDARD_INCLUDING_64_BIT)";
				CLANG_CXX_LANGUAGE_STANDARD = "gnu++0x";
				CLANG_CXX_LIBRARY = "libc++";
				CLANG_ENABLE_MODULES = YES;
				CLANG_ENABLE_OBJC_ARC = YES;
				CLANG_WARN_BOOL_CONVERSION = YES;
				CLANG_WARN_CONSTANT_CONVERSION = YES;
				CLANG_WARN_DIRECT_OBJC_ISA_USAGE = YES_ERROR;
				CLANG_WARN_EMPTY_BODY = YES;
				CLANG_WARN_ENUM_CONVERSION = YES;
				CLANG_WARN_INT_CONVERSION = YES;
				CLANG_WARN_OBJC_ROOT_CLASS = YES_ERROR;
				CLANG_WARN__DUPLICATE_METHOD_MATCH = YES;
				"CODE_SIGN_IDENTITY[sdk=iphoneos*]" = "iPhone Developer";
				COPY_PHASE_STRIP = NO;
				GCC_C_LANGUAGE_STANDARD = gnu99;
				GCC_DYNAMIC_NO_PIC = NO;
				GCC_OPTIMIZATION_LEVEL = 0;
				GCC_PREPROCESSOR_DEFINITIONS = (
					"DEBUG=1",
					"$(inherited)",
				);
				GCC_SYMBOLS_PRIVATE_EXTERN = NO;
				GCC_WARN_64_TO_32_BIT_CONVERSION = YES;
				GCC_WARN_ABOUT_RETURN_TYPE = YES_ERROR;
				GCC_WARN_UNDECLARED_SELECTOR = YES;
				GCC_WARN_UNINITIALIZED_AUTOS = YES;
				GCC_WARN_UNUSED_FUNCTION = YES;
				GCC_WARN_UNUSED_VARIABLE = YES;
				IPHONEOS_DEPLOYMENT_TARGET = 7.0;
				ONLY_ACTIVE_ARCH = YES;
				SDKROOT = iphoneos;
			};
			name = Debug;
		};
		199A02031918D1DF0081F51D /* Release */ = {
			isa = XCBuildConfiguration;
			buildSettings = {
				ALWAYS_SEARCH_USER_PATHS = NO;
				ARCHS = "$(ARCHS_STANDARD_INCLUDING_64_BIT)";
				CLANG_CXX_LANGUAGE_STANDARD = "gnu++0x";
				CLANG_CXX_LIBRARY = "libc++";
				CLANG_ENABLE_MODULES = YES;
				CLANG_ENABLE_OBJC_ARC = YES;
				CLANG_WARN_BOOL_CONVERSION = YES;
				CLANG_WARN_CONSTANT_CONVERSION = YES;
				CLANG_WARN_DIRECT_OBJC_ISA_USAGE = YES_ERROR;
				CLANG_WARN_EMPTY_BODY = YES;
				CLANG_WARN_ENUM_CONVERSION = YES;
				CLANG_WARN_INT_CONVERSION = YES;
				CLANG_WARN_OBJC_ROOT_CLASS = YES_ERROR;
				CLANG_WARN__DUPLICATE_METHOD_MATCH = YES;
				"CODE_SIGN_IDENTITY[sdk=iphoneos*]" = "iPhone Developer";
				COPY_PHASE_STRIP = YES;
				ENABLE_NS_ASSERTIONS = NO;
				GCC_C_LANGUAGE_STANDARD = gnu99;
				GCC_WARN_64_TO_32_BIT_CONVERSION = YES;
				GCC_WARN_ABOUT_RETURN_TYPE = YES_ERROR;
				GCC_WARN_UNDECLARED_SELECTOR = YES;
				GCC_WARN_UNINITIALIZED_AUTOS = YES;
				GCC_WARN_UNUSED_FUNCTION = YES;
				GCC_WARN_UNUSED_VARIABLE = YES;
				IPHONEOS_DEPLOYMENT_TARGET = 7.0;
				SDKROOT = iphoneos;
				VALIDATE_PRODUCT = YES;
			};
			name = Release;
		};
		199A02051918D1DF0081F51D /* Debug */ = {
			isa = XCBuildConfiguration;
			baseConfigurationReference = 8B611DE4DD6843ADB67DE824 /* Pods.xcconfig */;
			buildSettings = {
				ASSETCATALOG_COMPILER_APPICON_NAME = AppIcon;
				ASSETCATALOG_COMPILER_LAUNCHIMAGE_NAME = LaunchImage;
				GCC_PRECOMPILE_PREFIX_HEADER = YES;
				GCC_PREFIX_HEADER = "FBCircle/FBCircle-Prefix.pch";
				INFOPLIST_FILE = "FBCircle/FBCircle-Info.plist";
				PRODUCT_NAME = "$(TARGET_NAME)";
				USER_HEADER_SEARCH_PATHS = "${SRCROOT}/**";
				WRAPPER_EXTENSION = app;
			};
			name = Debug;
		};
		199A02061918D1DF0081F51D /* Release */ = {
			isa = XCBuildConfiguration;
			baseConfigurationReference = 8B611DE4DD6843ADB67DE824 /* Pods.xcconfig */;
			buildSettings = {
				ASSETCATALOG_COMPILER_APPICON_NAME = AppIcon;
				ASSETCATALOG_COMPILER_LAUNCHIMAGE_NAME = LaunchImage;
				GCC_PRECOMPILE_PREFIX_HEADER = YES;
				GCC_PREFIX_HEADER = "FBCircle/FBCircle-Prefix.pch";
				INFOPLIST_FILE = "FBCircle/FBCircle-Info.plist";
				PRODUCT_NAME = "$(TARGET_NAME)";
				USER_HEADER_SEARCH_PATHS = "${SRCROOT}/**";
				WRAPPER_EXTENSION = app;
			};
			name = Release;
		};
		199A02081918D1DF0081F51D /* Debug */ = {
			isa = XCBuildConfiguration;
			buildSettings = {
				ARCHS = "$(ARCHS_STANDARD_INCLUDING_64_BIT)";
				BUNDLE_LOADER = "$(BUILT_PRODUCTS_DIR)/FBCircle.app/FBCircle";
				FRAMEWORK_SEARCH_PATHS = (
					"$(SDKROOT)/Developer/Library/Frameworks",
					"$(inherited)",
					"$(DEVELOPER_FRAMEWORKS_DIR)",
				);
				GCC_PRECOMPILE_PREFIX_HEADER = YES;
				GCC_PREFIX_HEADER = "FBCircle/FBCircle-Prefix.pch";
				GCC_PREPROCESSOR_DEFINITIONS = (
					"DEBUG=1",
					"$(inherited)",
				);
				INFOPLIST_FILE = "FBCircleTests/FBCircleTests-Info.plist";
				PRODUCT_NAME = "$(TARGET_NAME)";
				TEST_HOST = "$(BUNDLE_LOADER)";
				WRAPPER_EXTENSION = xctest;
			};
			name = Debug;
		};
		199A02091918D1DF0081F51D /* Release */ = {
			isa = XCBuildConfiguration;
			buildSettings = {
				ARCHS = "$(ARCHS_STANDARD_INCLUDING_64_BIT)";
				BUNDLE_LOADER = "$(BUILT_PRODUCTS_DIR)/FBCircle.app/FBCircle";
				FRAMEWORK_SEARCH_PATHS = (
					"$(SDKROOT)/Developer/Library/Frameworks",
					"$(inherited)",
					"$(DEVELOPER_FRAMEWORKS_DIR)",
				);
				GCC_PRECOMPILE_PREFIX_HEADER = YES;
				GCC_PREFIX_HEADER = "FBCircle/FBCircle-Prefix.pch";
				INFOPLIST_FILE = "FBCircleTests/FBCircleTests-Info.plist";
				PRODUCT_NAME = "$(TARGET_NAME)";
				TEST_HOST = "$(BUNDLE_LOADER)";
				WRAPPER_EXTENSION = xctest;
			};
			name = Release;
		};
/* End XCBuildConfiguration section */

/* Begin XCConfigurationList section */
		199A01D31918D1DF0081F51D /* Build configuration list for PBXProject "FBCircle" */ = {
			isa = XCConfigurationList;
			buildConfigurations = (
				199A02021918D1DF0081F51D /* Debug */,
				199A02031918D1DF0081F51D /* Release */,
			);
			defaultConfigurationIsVisible = 0;
			defaultConfigurationName = Release;
		};
		199A02041918D1DF0081F51D /* Build configuration list for PBXNativeTarget "FBCircle" */ = {
			isa = XCConfigurationList;
			buildConfigurations = (
				199A02051918D1DF0081F51D /* Debug */,
				199A02061918D1DF0081F51D /* Release */,
			);
			defaultConfigurationIsVisible = 0;
			defaultConfigurationName = Release;
		};
		199A02071918D1DF0081F51D /* Build configuration list for PBXNativeTarget "FBCircleTests" */ = {
			isa = XCConfigurationList;
			buildConfigurations = (
				199A02081918D1DF0081F51D /* Debug */,
				199A02091918D1DF0081F51D /* Release */,
			);
			defaultConfigurationIsVisible = 0;
			defaultConfigurationName = Release;
		};
/* End XCConfigurationList section */
	};
	rootObject = 199A01D01918D1DF0081F51D /* Project object */;
}
